
Microsoft Visual Studio Solution File, Format Version 12.00
# Visual Studio Version 16
VisualStudioVersion = 16.0.31129.286
MinimumVisualStudioVersion = 10.0.40219.1
Project("{FAE04EC0-301F-11D3-BF4B-00C04F79EFBC}") = "MISA.AMIS", "MISA.AMIS\MISA.AMIS.csproj", "{DC16EC87-B922-456C-9CB9-AD489F3AFADF}"
EndProject
Project("{FAE04EC0-301F-11D3-BF4B-00C04F79EFBC}") = "MISA.Core", "MISA.Core\MISA.Core.csproj", "{1250B609-CBAA-4AD6-B574-EA0F2A98146B}"
EndProject
Project("{FAE04EC0-301F-11D3-BF4B-00C04F79EFBC}") = "MISA.Ifarstructure", "MISA.Ifarstructure\MISA.Ifarstructure.csproj", "{0D837277-1C2F-4596-9D09-EF1656C9BC54}"
EndProject
Global
	GlobalSection(SolutionConfigurationPlatforms) = preSolution
		Debug|Any CPU = Debug|Any CPU
		Release|Any CPU = Release|Any CPU
	EndGlobalSection
	GlobalSection(ProjectConfigurationPlatforms) = postSolution
		{DC16EC87-B922-456C-9CB9-AD489F3AFADF}.Debug|Any CPU.ActiveCfg = Debug|Any CPU
		{DC16EC87-B922-456C-9CB9-AD489F3AFADF}.Debug|Any CPU.Build.0 = Debug|Any CPU
		{DC16EC87-B922-456C-9CB9-AD489F3AFADF}.Release|Any CPU.ActiveCfg = Release|Any CPU
		{DC16EC87-B922-456C-9CB9-AD489F3AFADF}.Release|Any CPU.Build.0 = Release|Any CPU
		{1250B609-CBAA-4AD6-B574-EA0F2A98146B}.Debug|Any CPU.ActiveCfg = Debug|Any CPU
		{1250B609-CBAA-4AD6-B574-EA0F2A98146B}.Debug|Any CPU.Build.0 = Debug|Any CPU
		{1250B609-CBAA-4AD6-B574-EA0F2A98146B}.Release|Any CPU.ActiveCfg = Release|Any CPU
		{1250B609-CBAA-4AD6-B574-EA0F2A98146B}.Release|Any CPU.Build.0 = Release|Any CPU
		{0D837277-1C2F-4596-9D09-EF1656C9BC54}.Debug|Any CPU.ActiveCfg = Debug|Any CPU
		{0D837277-1C2F-4596-9D09-EF1656C9BC54}.Debug|Any CPU.Build.0 = Debug|Any CPU
		{0D837277-1C2F-4596-9D09-EF1656C9BC54}.Release|Any CPU.ActiveCfg = Release|Any CPU
		{0D837277-1C2F-4596-9D09-EF1656C9BC54}.Release|Any CPU.Build.0 = Release|Any CPU
	EndGlobalSection
	GlobalSection(SolutionProperties) = preSolution
		HideSolutionNode = FALSE
	EndGlobalSection
	GlobalSection(ExtensibilityGlobals) = postSolution
		SolutionGuid = {783971FE-F02D-482E-8C1D-F451D050782E}
	EndGlobalSection
EndGlobal
